<?xml version="1.0" encoding="utf-8"?>
<Project ToolsVersion="4.0" xmlns="http://schemas.microsoft.com/developer/msbuild/2003">
  <ItemGroup>
    <ClCompile Include="..\..\AUXlib\render_gesture.cpp">
      <Filter>Source Files</Filter>
    </ClCompile>
    <ClCompile Include="..\..\AUXlib\render_blob.cpp">
      <Filter>Source Files</Filter>
    </ClCompile>
    <ClCompile Include="sensor_gesture_CI.cpp">
      <Filter>Source Files</Filter>
    </ClCompile>
  </ItemGroup>
  <ItemGroup>
    <ClInclude Include="..\common\Sensor.h">
      <Filter>Header Files</Filter>
    </ClInclude>
    <ClInclude Include="..\..\AUXlib\render_blob.h">
      <Filter>Header Files</Filter>
    </ClInclude>
    <ClInclude Include="..\..\AUXlib\render_gesture.h">
      <Filter>Header Files</Filter>
    </ClInclude>
    <ClInclude Include="sensor_gesture_CI.hpp">
      <Filter>Header Files</Filter>
    </ClInclude>
    <ClInclude Include="resource.h">
      <Filter>Header Files</Filter>
    </ClInclude>
  </ItemGroup>
  <ItemGroup>
    <Filter Include="Header Files">
      <UniqueIdentifier>{c1cffaf3-69b3-4873-af00-0e65f9305707}</UniqueIdentifier>
    </Filter>
    <Filter Include="Source Files">
      <UniqueIdentifier>{f6e5cab8-5f71-4b98-81ca-74cfac06d1f0}</UniqueIdentifier>
    </Filter>
  </ItemGroup>
</Project>