<?xml version="1.0" encoding="utf-8"?>
<Project ToolsVersion="4.0" xmlns="http://schemas.microsoft.com/developer/msbuild/2003">
  <ItemGroup>
    <ClCompile Include="..\common\thread.cpp">
      <Filter>Source Files</Filter>
    </ClCompile>
    <ClCompile Include="..\..\AUXlib\render_face.cpp">
      <Filter>Source Files</Filter>
    </ClCompile>
    <ClCompile Include="..\common\Sensor.cpp">
      <Filter>Source Files</Filter>
    </ClCompile>
    <ClCompile Include="sensor_face_attribute.cpp">
      <Filter>Source Files</Filter>
    </ClCompile>
  </ItemGroup>
  <ItemGroup>
    <ClInclude Include="..\common\Sensor.h">
      <Filter>Header Files</Filter>
    </ClInclude>
    <ClInclude Include="..\..\AUXlib\render_face.h">
      <Filter>Header Files</Filter>
    </ClInclude>
    <ClInclude Include="resource.h">
      <Filter>Header Files</Filter>
    </ClInclude>
    <ClInclude Include="sensor_face_attribute.hpp">
      <Filter>Header Files</Filter>
    </ClInclude>
  </ItemGroup>
  <ItemGroup>
    <Filter Include="Header Files">
      <UniqueIdentifier>{65b58eb4-d2b7-4738-bc66-9eefb711f5e8}</UniqueIdentifier>
    </Filter>
    <Filter Include="Source Files">
      <UniqueIdentifier>{0a266bc2-4e84-4634-8f83-30f3450b0bad}</UniqueIdentifier>
    </Filter>
  </ItemGroup>
</Project>